
Microsoft Visual Studio Solution File, Format Version 12.00
# Visual Studio Version 17
VisualStudioVersion = 17.4.33205.214
MinimumVisualStudioVersion = 10.0.40219.1
Project("{FAE04EC0-301F-11D3-BF4B-00C04F79EFBC}") = "Grafico", "Grafico\Grafico.csproj", "{C07F6622-DC6A-48A9-A34F-2730455A83FA}"
EndProject
Project("{2150E333-8FDC-42A3-9474-1A3956D46DE8}") = "Itens de Solução", "Itens de Solução", "{B71A0B03-9658-41A1-ABF3-2B38ADD72A53}"
EndProject
Global
	GlobalSection(SolutionConfigurationPlatforms) = preSolution
		Debug|Any CPU = Debug|Any CPU
		Release|Any CPU = Release|Any CPU
	EndGlobalSection
	GlobalSection(ProjectConfigurationPlatforms) = postSolution
		{C07F6622-DC6A-48A9-A34F-2730455A83FA}.Debug|Any CPU.ActiveCfg = Debug|Any CPU
		{C07F6622-DC6A-48A9-A34F-2730455A83FA}.Debug|Any CPU.Build.0 = Debug|Any CPU
		{C07F6622-DC6A-48A9-A34F-2730455A83FA}.Release|Any CPU.ActiveCfg = Release|Any CPU
		{C07F6622-DC6A-48A9-A34F-2730455A83FA}.Release|Any CPU.Build.0 = Release|Any CPU
	EndGlobalSection
	GlobalSection(SolutionProperties) = preSolution
		HideSolutionNode = FALSE
	EndGlobalSection
	GlobalSection(ExtensibilityGlobals) = postSolution
		SolutionGuid = {6766F8C1-E2E2-4088-BB42-1AAF1A14C3E2}
	EndGlobalSection
EndGlobal
